
Microsoft Visual Studio Solution File, Format Version 12.00
# Visual Studio Version 17
VisualStudioVersion = 17.0.31903.59
MinimumVisualStudioVersion = 10.0.40219.1
Project("{FAE04EC0-301F-11D3-BF4B-00C04F79EFBC}") = "programa", "programa\programa.csproj", "{A3994FB1-AE58-406D-98B2-C712A6EEDE82}"
EndProject
Project("{FAE04EC0-301F-11D3-BF4B-00C04F79EFBC}") = "programa.test", "programa.test\programa.test.csproj", "{1006CE2F-6AFF-4B8E-98DA-A4B4CE6D61AD}"
EndProject
Global
	GlobalSection(SolutionConfigurationPlatforms) = preSolution
		Debug|Any CPU = Debug|Any CPU
		Release|Any CPU = Release|Any CPU
	EndGlobalSection
	GlobalSection(SolutionProperties) = preSolution
		HideSolutionNode = FALSE
	EndGlobalSection
	GlobalSection(ProjectConfigurationPlatforms) = postSolution
		{A3994FB1-AE58-406D-98B2-C712A6EEDE82}.Debug|Any CPU.ActiveCfg = Debug|Any CPU
		{A3994FB1-AE58-406D-98B2-C712A6EEDE82}.Debug|Any CPU.Build.0 = Debug|Any CPU
		{A3994FB1-AE58-406D-98B2-C712A6EEDE82}.Release|Any CPU.ActiveCfg = Release|Any CPU
		{A3994FB1-AE58-406D-98B2-C712A6EEDE82}.Release|Any CPU.Build.0 = Release|Any CPU
		{1006CE2F-6AFF-4B8E-98DA-A4B4CE6D61AD}.Debug|Any CPU.ActiveCfg = Debug|Any CPU
		{1006CE2F-6AFF-4B8E-98DA-A4B4CE6D61AD}.Debug|Any CPU.Build.0 = Debug|Any CPU
		{1006CE2F-6AFF-4B8E-98DA-A4B4CE6D61AD}.Release|Any CPU.ActiveCfg = Release|Any CPU
		{1006CE2F-6AFF-4B8E-98DA-A4B4CE6D61AD}.Release|Any CPU.Build.0 = Release|Any CPU
	EndGlobalSection
EndGlobal
